
Microsoft Visual Studio Solution File, Format Version 12.00
# Visual Studio Version 16
VisualStudioVersion = 16.0.33214.272
MinimumVisualStudioVersion = 10.0.40219.1
Project("{FAE04EC0-301F-11D3-BF4B-00C04F79EFBC}") = "FileUpload", "FileUpload\FileUpload.csproj", "{340FBF72-908C-4740-8EEB-5A7A06996B2E}"
EndProject
Project("{FAE04EC0-301F-11D3-BF4B-00C04F79EFBC}") = "FileUpload.Services", "FileUpload.Services\FileUpload.Services.csproj", "{A6294022-3F75-4BFA-A391-2D92701FEBEF}"
EndProject
Global
	GlobalSection(SolutionConfigurationPlatforms) = preSolution
		Debug|Any CPU = Debug|Any CPU
		Release|Any CPU = Release|Any CPU
	EndGlobalSection
	GlobalSection(ProjectConfigurationPlatforms) = postSolution
		{340FBF72-908C-4740-8EEB-5A7A06996B2E}.Debug|Any CPU.ActiveCfg = Debug|Any CPU
		{340FBF72-908C-4740-8EEB-5A7A06996B2E}.Debug|Any CPU.Build.0 = Debug|Any CPU
		{340FBF72-908C-4740-8EEB-5A7A06996B2E}.Release|Any CPU.ActiveCfg = Release|Any CPU
		{340FBF72-908C-4740-8EEB-5A7A06996B2E}.Release|Any CPU.Build.0 = Release|Any CPU
		{A6294022-3F75-4BFA-A391-2D92701FEBEF}.Debug|Any CPU.ActiveCfg = Debug|Any CPU
		{A6294022-3F75-4BFA-A391-2D92701FEBEF}.Debug|Any CPU.Build.0 = Debug|Any CPU
		{A6294022-3F75-4BFA-A391-2D92701FEBEF}.Release|Any CPU.ActiveCfg = Release|Any CPU
		{A6294022-3F75-4BFA-A391-2D92701FEBEF}.Release|Any CPU.Build.0 = Release|Any CPU
	EndGlobalSection
	GlobalSection(SolutionProperties) = preSolution
		HideSolutionNode = FALSE
	EndGlobalSection
	GlobalSection(ExtensibilityGlobals) = postSolution
		SolutionGuid = {6D0FD1A8-4ABA-4C41-9F72-99A6531E64A0}
	EndGlobalSection
EndGlobal
